
Microsoft Visual Studio Solution File, Format Version 12.00
# Visual Studio Version 17
VisualStudioVersion = 17.4.33110.190
MinimumVisualStudioVersion = 10.0.40219.1
Project("{FAE04EC0-301F-11D3-BF4B-00C04F79EFBC}") = "SistemaVendas", "SistemaVendas.csproj", "{342FD667-DDAD-40AD-AE09-328681C7448B}"
EndProject
Global
	GlobalSection(SolutionConfigurationPlatforms) = preSolution
		Debug|Any CPU = Debug|Any CPU
		Release|Any CPU = Release|Any CPU
	EndGlobalSection
	GlobalSection(ProjectConfigurationPlatforms) = postSolution
		{342FD667-DDAD-40AD-AE09-328681C7448B}.Debug|Any CPU.ActiveCfg = Debug|Any CPU
		{342FD667-DDAD-40AD-AE09-328681C7448B}.Debug|Any CPU.Build.0 = Debug|Any CPU
		{342FD667-DDAD-40AD-AE09-328681C7448B}.Release|Any CPU.ActiveCfg = Release|Any CPU
		{342FD667-DDAD-40AD-AE09-328681C7448B}.Release|Any CPU.Build.0 = Release|Any CPU
	EndGlobalSection
	GlobalSection(SolutionProperties) = preSolution
		HideSolutionNode = FALSE
	EndGlobalSection
	GlobalSection(ExtensibilityGlobals) = postSolution
		SolutionGuid = {DE5D0D30-15CE-4C05-87C9-963498D74EDF}
	EndGlobalSection
EndGlobal
